
Microsoft Visual Studio Solution File, Format Version 12.00
# Visual Studio Version 17
VisualStudioVersion = 17.14.36414.22
MinimumVisualStudioVersion = 10.0.40219.1
Project("{2150E333-8FDC-42A3-9474-1A3956D46DE8}") = "Task0", "Task0", "{02EA681E-C7D8-13C7-8484-4AC65E1B71E8}"
EndProject
Project("{FAE04EC0-301F-11D3-BF4B-00C04F79EFBC}") = "Tyiui.GogolevVM.Sprint0.Task0.V0", "Tyiui.GogolevVM.Sprint0.Task0.V0\Tyiui.GogolevVM.Sprint0.Task0.V0.csproj", "{33F994DB-1CF7-4372-8551-DDB7490BD3C1}"
EndProject
Project("{2150E333-8FDC-42A3-9474-1A3956D46DE8}") = "Task1", "Task1", "{D3B62F81-2D99-4959-A116-638FD7A6D2F0}"
EndProject
Project("{FAE04EC0-301F-11D3-BF4B-00C04F79EFBC}") = "Tyuiu.GogolevVM.Sprint0.Task1.V0", "Tyuiu.GogolevVM.Sprint0.Task1.V0\Tyuiu.GogolevVM.Sprint0.Task1.V0.csproj", "{D5325347-02FB-442E-9E6A-5A1F62AD9A2B}"
EndProject
Global
	GlobalSection(SolutionConfigurationPlatforms) = preSolution
		Debug|Any CPU = Debug|Any CPU
		Release|Any CPU = Release|Any CPU
	EndGlobalSection
	GlobalSection(ProjectConfigurationPlatforms) = postSolution
		{33F994DB-1CF7-4372-8551-DDB7490BD3C1}.Debug|Any CPU.ActiveCfg = Debug|Any CPU
		{33F994DB-1CF7-4372-8551-DDB7490BD3C1}.Debug|Any CPU.Build.0 = Debug|Any CPU
		{33F994DB-1CF7-4372-8551-DDB7490BD3C1}.Release|Any CPU.ActiveCfg = Release|Any CPU
		{33F994DB-1CF7-4372-8551-DDB7490BD3C1}.Release|Any CPU.Build.0 = Release|Any CPU
		{D5325347-02FB-442E-9E6A-5A1F62AD9A2B}.Debug|Any CPU.ActiveCfg = Debug|Any CPU
		{D5325347-02FB-442E-9E6A-5A1F62AD9A2B}.Debug|Any CPU.Build.0 = Debug|Any CPU
		{D5325347-02FB-442E-9E6A-5A1F62AD9A2B}.Release|Any CPU.ActiveCfg = Release|Any CPU
		{D5325347-02FB-442E-9E6A-5A1F62AD9A2B}.Release|Any CPU.Build.0 = Release|Any CPU
	EndGlobalSection
	GlobalSection(SolutionProperties) = preSolution
		HideSolutionNode = FALSE
	EndGlobalSection
	GlobalSection(NestedProjects) = preSolution
		{33F994DB-1CF7-4372-8551-DDB7490BD3C1} = {02EA681E-C7D8-13C7-8484-4AC65E1B71E8}
		{D5325347-02FB-442E-9E6A-5A1F62AD9A2B} = {D3B62F81-2D99-4959-A116-638FD7A6D2F0}
	EndGlobalSection
	GlobalSection(ExtensibilityGlobals) = postSolution
		SolutionGuid = {D15445C6-EDEB-48D4-A346-4FD7128A165E}
	EndGlobalSection
EndGlobal
